// !$*UTF8*$!
{
	archiveVersion = 1;
	classes = {
	};
	objectVersion = 56;
	objects = {

/* Begin PBXBuildFile section */
		D207194D2B711DAC00F1F066 /* Alamofire in Frameworks */ = {isa = PBXBuildFile; productRef = D207194C2B711DAC00F1F066 /* Alamofire */; };
		D217E84A2B6AA94200BB4C12 /* HomeSearchView.swift in Sources */ = {isa = PBXBuildFile; fileRef = D217E8492B6AA94200BB4C12 /* HomeSearchView.swift */; };
		D217E84F2B6BD4B400BB4C12 /* .gitignore in Resources */ = {isa = PBXBuildFile; fileRef = D217E84E2B6BD4B400BB4C12 /* .gitignore */; };
		D217E8562B6BD58000BB4C12 /* APIConstants.swift in Sources */ = {isa = PBXBuildFile; fileRef = D217E8552B6BD58000BB4C12 /* APIConstants.swift */; };
		D217E8582B6BD8D700BB4C12 /* NetworkResult.swift in Sources */ = {isa = PBXBuildFile; fileRef = D217E8572B6BD8D700BB4C12 /* NetworkResult.swift */; };
		D217E85A2B6BD96F00BB4C12 /* SignUpModel.swift in Sources */ = {isa = PBXBuildFile; fileRef = D217E8592B6BD96F00BB4C12 /* SignUpModel.swift */; };
		D217E85C2B6D2FDD00BB4C12 /* Network.swift in Sources */ = {isa = PBXBuildFile; fileRef = D217E85B2B6D2FDD00BB4C12 /* Network.swift */; };
		D22C8FB12B7BBE170010607C /* LoginModel.swift in Sources */ = {isa = PBXBuildFile; fileRef = D22C8FB02B7BBE170010607C /* LoginModel.swift */; };
		D262522E2B5523760055EA83 /* GleeApp.swift in Sources */ = {isa = PBXBuildFile; fileRef = D262522D2B5523760055EA83 /* GleeApp.swift */; };
		D26252302B5523760055EA83 /* ContentView.swift in Sources */ = {isa = PBXBuildFile; fileRef = D262522F2B5523760055EA83 /* ContentView.swift */; };
		D26252322B5523770055EA83 /* Assets.xcassets in Resources */ = {isa = PBXBuildFile; fileRef = D26252312B5523770055EA83 /* Assets.xcassets */; };
		D26252352B5523770055EA83 /* Preview Assets.xcassets in Resources */ = {isa = PBXBuildFile; fileRef = D26252342B5523770055EA83 /* Preview Assets.xcassets */; };
		D262523C2B552D240055EA83 /* MemoryGame.swift in Sources */ = {isa = PBXBuildFile; fileRef = D262523B2B552D240055EA83 /* MemoryGame.swift */; };
		D262523E2B552DE60055EA83 /* EmojiMemoryGame.swift in Sources */ = {isa = PBXBuildFile; fileRef = D262523D2B552DE60055EA83 /* EmojiMemoryGame.swift */; };
		D26252462B57D5D00055EA83 /* LoginView.swift in Sources */ = {isa = PBXBuildFile; fileRef = D26252452B57D5D00055EA83 /* LoginView.swift */; };
		D26252482B580A590055EA83 /* HomeView.swift in Sources */ = {isa = PBXBuildFile; fileRef = D26252472B580A590055EA83 /* HomeView.swift */; };
		D26252632B5812FF0055EA83 /* Poppins-ExtraLight.ttf in Resources */ = {isa = PBXBuildFile; fileRef = D26252502B5812FE0055EA83 /* Poppins-ExtraLight.ttf */; };
		D26252642B5812FF0055EA83 /* Poppins-ThinItalic.ttf in Resources */ = {isa = PBXBuildFile; fileRef = D26252512B5812FE0055EA83 /* Poppins-ThinItalic.ttf */; };
		D26252652B5812FF0055EA83 /* Poppins-ExtraLightItalic.ttf in Resources */ = {isa = PBXBuildFile; fileRef = D26252522B5812FE0055EA83 /* Poppins-ExtraLightItalic.ttf */; };
		D26252662B5812FF0055EA83 /* Poppins-BoldItalic.ttf in Resources */ = {isa = PBXBuildFile; fileRef = D26252532B5812FF0055EA83 /* Poppins-BoldItalic.ttf */; };
		D26252672B5812FF0055EA83 /* Poppins-Light.ttf in Resources */ = {isa = PBXBuildFile; fileRef = D26252542B5812FF0055EA83 /* Poppins-Light.ttf */; };
		D26252682B5812FF0055EA83 /* Poppins-Medium.ttf in Resources */ = {isa = PBXBuildFile; fileRef = D26252552B5812FF0055EA83 /* Poppins-Medium.ttf */; };
		D26252692B5812FF0055EA83 /* Poppins-SemiBoldItalic.ttf in Resources */ = {isa = PBXBuildFile; fileRef = D26252562B5812FF0055EA83 /* Poppins-SemiBoldItalic.ttf */; };
		D262526A2B5812FF0055EA83 /* Poppins-ExtraBoldItalic.ttf in Resources */ = {isa = PBXBuildFile; fileRef = D26252572B5812FF0055EA83 /* Poppins-ExtraBoldItalic.ttf */; };
		D262526B2B5812FF0055EA83 /* Poppins-ExtraBold.ttf in Resources */ = {isa = PBXBuildFile; fileRef = D26252582B5812FF0055EA83 /* Poppins-ExtraBold.ttf */; };
		D262526C2B5812FF0055EA83 /* Poppins-BlackItalic.ttf in Resources */ = {isa = PBXBuildFile; fileRef = D26252592B5812FF0055EA83 /* Poppins-BlackItalic.ttf */; };
		D262526D2B5812FF0055EA83 /* OFL.txt in Resources */ = {isa = PBXBuildFile; fileRef = D262525A2B5812FF0055EA83 /* OFL.txt */; };
		D262526E2B5812FF0055EA83 /* Poppins-Regular.ttf in Resources */ = {isa = PBXBuildFile; fileRef = D262525B2B5812FF0055EA83 /* Poppins-Regular.ttf */; };
		D262526F2B5812FF0055EA83 /* Poppins-LightItalic.ttf in Resources */ = {isa = PBXBuildFile; fileRef = D262525C2B5812FF0055EA83 /* Poppins-LightItalic.ttf */; };
		D26252702B5812FF0055EA83 /* Poppins-Bold.ttf in Resources */ = {isa = PBXBuildFile; fileRef = D262525D2B5812FF0055EA83 /* Poppins-Bold.ttf */; };
		D26252712B5812FF0055EA83 /* Poppins-Black.ttf in Resources */ = {isa = PBXBuildFile; fileRef = D262525E2B5812FF0055EA83 /* Poppins-Black.ttf */; };
		D26252722B5812FF0055EA83 /* Poppins-Thin.ttf in Resources */ = {isa = PBXBuildFile; fileRef = D262525F2B5812FF0055EA83 /* Poppins-Thin.ttf */; };
		D26252732B5812FF0055EA83 /* Poppins-SemiBold.ttf in Resources */ = {isa = PBXBuildFile; fileRef = D26252602B5812FF0055EA83 /* Poppins-SemiBold.ttf */; };
		D26252742B5812FF0055EA83 /* Poppins-Italic.ttf in Resources */ = {isa = PBXBuildFile; fileRef = D26252612B5812FF0055EA83 /* Poppins-Italic.ttf */; };
		D26252752B5812FF0055EA83 /* Poppins-MediumItalic.ttf in Resources */ = {isa = PBXBuildFile; fileRef = D26252622B5812FF0055EA83 /* Poppins-MediumItalic.ttf */; };
		D26252792B5A71D00055EA83 /* NoteRecordView.swift in Sources */ = {isa = PBXBuildFile; fileRef = D26252782B5A71D00055EA83 /* NoteRecordView.swift */; };
		D262527C2B5A7F500055EA83 /* DataStructs.swift in Sources */ = {isa = PBXBuildFile; fileRef = D262527B2B5A7F500055EA83 /* DataStructs.swift */; };
		D262527E2B5EA2900055EA83 /* LoginEmailView.swift in Sources */ = {isa = PBXBuildFile; fileRef = D262527D2B5EA2900055EA83 /* LoginEmailView.swift */; };
		D26252802B5EA2B70055EA83 /* SignUpView.swift in Sources */ = {isa = PBXBuildFile; fileRef = D262527F2B5EA2B70055EA83 /* SignUpView.swift */; };
		D26252822B5FEFC00055EA83 /* SingUpBView.swift in Sources */ = {isa = PBXBuildFile; fileRef = D26252812B5FEFC00055EA83 /* SingUpBView.swift */; };
		D26252842B60F8DB0055EA83 /* SignUpCView.swift in Sources */ = {isa = PBXBuildFile; fileRef = D26252832B60F8DB0055EA83 /* SignUpCView.swift */; };
		D26252862B610C140055EA83 /* ImagePicker.swift in Sources */ = {isa = PBXBuildFile; fileRef = D26252852B610C140055EA83 /* ImagePicker.swift */; };
/* End PBXBuildFile section */

/* Begin PBXFileReference section */
		D217E8492B6AA94200BB4C12 /* HomeSearchView.swift */ = {isa = PBXFileReference; lastKnownFileType = sourcecode.swift; path = HomeSearchView.swift; sourceTree = "<group>"; };
		D217E84E2B6BD4B400BB4C12 /* .gitignore */ = {isa = PBXFileReference; lastKnownFileType = text; path = .gitignore; sourceTree = "<group>"; };
		D217E8552B6BD58000BB4C12 /* APIConstants.swift */ = {isa = PBXFileReference; lastKnownFileType = sourcecode.swift; path = APIConstants.swift; sourceTree = "<group>"; };
		D217E8572B6BD8D700BB4C12 /* NetworkResult.swift */ = {isa = PBXFileReference; lastKnownFileType = sourcecode.swift; path = NetworkResult.swift; sourceTree = "<group>"; };
		D217E8592B6BD96F00BB4C12 /* SignUpModel.swift */ = {isa = PBXFileReference; lastKnownFileType = sourcecode.swift; path = SignUpModel.swift; sourceTree = "<group>"; };
		D217E85B2B6D2FDD00BB4C12 /* Network.swift */ = {isa = PBXFileReference; lastKnownFileType = sourcecode.swift; path = Network.swift; sourceTree = "<group>"; };
		D22C8FB02B7BBE170010607C /* LoginModel.swift */ = {isa = PBXFileReference; lastKnownFileType = sourcecode.swift; path = LoginModel.swift; sourceTree = "<group>"; };
		D262522A2B5523760055EA83 /* Glee.app */ = {isa = PBXFileReference; explicitFileType = wrapper.application; includeInIndex = 0; path = Glee.app; sourceTree = BUILT_PRODUCTS_DIR; };
		D262522D2B5523760055EA83 /* GleeApp.swift */ = {isa = PBXFileReference; lastKnownFileType = sourcecode.swift; path = GleeApp.swift; sourceTree = "<group>"; };
		D262522F2B5523760055EA83 /* ContentView.swift */ = {isa = PBXFileReference; lastKnownFileType = sourcecode.swift; path = ContentView.swift; sourceTree = "<group>"; };
		D26252312B5523770055EA83 /* Assets.xcassets */ = {isa = PBXFileReference; lastKnownFileType = folder.assetcatalog; path = Assets.xcassets; sourceTree = "<group>"; };
		D26252342B5523770055EA83 /* Preview Assets.xcassets */ = {isa = PBXFileReference; lastKnownFileType = folder.assetcatalog; path = "Preview Assets.xcassets"; sourceTree = "<group>"; };
		D262523B2B552D240055EA83 /* MemoryGame.swift */ = {isa = PBXFileReference; lastKnownFileType = sourcecode.swift; path = MemoryGame.swift; sourceTree = "<group>"; };
		D262523D2B552DE60055EA83 /* EmojiMemoryGame.swift */ = {isa = PBXFileReference; lastKnownFileType = sourcecode.swift; path = EmojiMemoryGame.swift; sourceTree = "<group>"; };
		D26252452B57D5D00055EA83 /* LoginView.swift */ = {isa = PBXFileReference; lastKnownFileType = sourcecode.swift; path = LoginView.swift; sourceTree = "<group>"; };
		D26252472B580A590055EA83 /* HomeView.swift */ = {isa = PBXFileReference; lastKnownFileType = sourcecode.swift; path = HomeView.swift; sourceTree = "<group>"; };
		D26252502B5812FE0055EA83 /* Poppins-ExtraLight.ttf */ = {isa = PBXFileReference; lastKnownFileType = file; path = "Poppins-ExtraLight.ttf"; sourceTree = "<group>"; };
		D26252512B5812FE0055EA83 /* Poppins-ThinItalic.ttf */ = {isa = PBXFileReference; lastKnownFileType = file; path = "Poppins-ThinItalic.ttf"; sourceTree = "<group>"; };
		D26252522B5812FE0055EA83 /* Poppins-ExtraLightItalic.ttf */ = {isa = PBXFileReference; lastKnownFileType = file; path = "Poppins-ExtraLightItalic.ttf"; sourceTree = "<group>"; };
		D26252532B5812FF0055EA83 /* Poppins-BoldItalic.ttf */ = {isa = PBXFileReference; lastKnownFileType = file; path = "Poppins-BoldItalic.ttf"; sourceTree = "<group>"; };
		D26252542B5812FF0055EA83 /* Poppins-Light.ttf */ = {isa = PBXFileReference; lastKnownFileType = file; path = "Poppins-Light.ttf"; sourceTree = "<group>"; };
		D26252552B5812FF0055EA83 /* Poppins-Medium.ttf */ = {isa = PBXFileReference; lastKnownFileType = file; path = "Poppins-Medium.ttf"; sourceTree = "<group>"; };
		D26252562B5812FF0055EA83 /* Poppins-SemiBoldItalic.ttf */ = {isa = PBXFileReference; lastKnownFileType = file; path = "Poppins-SemiBoldItalic.ttf"; sourceTree = "<group>"; };
		D26252572B5812FF0055EA83 /* Poppins-ExtraBoldItalic.ttf */ = {isa = PBXFileReference; lastKnownFileType = file; path = "Poppins-ExtraBoldItalic.ttf"; sourceTree = "<group>"; };
		D26252582B5812FF0055EA83 /* Poppins-ExtraBold.ttf */ = {isa = PBXFileReference; lastKnownFileType = file; path = "Poppins-ExtraBold.ttf"; sourceTree = "<group>"; };
		D26252592B5812FF0055EA83 /* Poppins-BlackItalic.ttf */ = {isa = PBXFileReference; lastKnownFileType = file; path = "Poppins-BlackItalic.ttf"; sourceTree = "<group>"; };
		D262525A2B5812FF0055EA83 /* OFL.txt */ = {isa = PBXFileReference; fileEncoding = 4; lastKnownFileType = text; path = OFL.txt; sourceTree = "<group>"; };
		D262525B2B5812FF0055EA83 /* Poppins-Regular.ttf */ = {isa = PBXFileReference; lastKnownFileType = file; path = "Poppins-Regular.ttf"; sourceTree = "<group>"; };
		D262525C2B5812FF0055EA83 /* Poppins-LightItalic.ttf */ = {isa = PBXFileReference; lastKnownFileType = file; path = "Poppins-LightItalic.ttf"; sourceTree = "<group>"; };
		D262525D2B5812FF0055EA83 /* Poppins-Bold.ttf */ = {isa = PBXFileReference; lastKnownFileType = file; path = "Poppins-Bold.ttf"; sourceTree = "<group>"; };
		D262525E2B5812FF0055EA83 /* Poppins-Black.ttf */ = {isa = PBXFileReference; lastKnownFileType = file; path = "Poppins-Black.ttf"; sourceTree = "<group>"; };
		D262525F2B5812FF0055EA83 /* Poppins-Thin.ttf */ = {isa = PBXFileReference; lastKnownFileType = file; path = "Poppins-Thin.ttf"; sourceTree = "<group>"; };
		D26252602B5812FF0055EA83 /* Poppins-SemiBold.ttf */ = {isa = PBXFileReference; lastKnownFileType = file; path = "Poppins-SemiBold.ttf"; sourceTree = "<group>"; };
		D26252612B5812FF0055EA83 /* Poppins-Italic.ttf */ = {isa = PBXFileReference; lastKnownFileType = file; path = "Poppins-Italic.ttf"; sourceTree = "<group>"; };
		D26252622B5812FF0055EA83 /* Poppins-MediumItalic.ttf */ = {isa = PBXFileReference; lastKnownFileType = file; path = "Poppins-MediumItalic.ttf"; sourceTree = "<group>"; };
		D26252762B58144B0055EA83 /* Info.plist */ = {isa = PBXFileReference; lastKnownFileType = text.plist; path = Info.plist; sourceTree = "<group>"; };
		D26252782B5A71D00055EA83 /* NoteRecordView.swift */ = {isa = PBXFileReference; lastKnownFileType = sourcecode.swift; path = NoteRecordView.swift; sourceTree = "<group>"; };
		D262527B2B5A7F500055EA83 /* DataStructs.swift */ = {isa = PBXFileReference; lastKnownFileType = sourcecode.swift; path = DataStructs.swift; sourceTree = "<group>"; };
		D262527D2B5EA2900055EA83 /* LoginEmailView.swift */ = {isa = PBXFileReference; lastKnownFileType = sourcecode.swift; path = LoginEmailView.swift; sourceTree = "<group>"; };
		D262527F2B5EA2B70055EA83 /* SignUpView.swift */ = {isa = PBXFileReference; lastKnownFileType = sourcecode.swift; path = SignUpView.swift; sourceTree = "<group>"; };
		D26252812B5FEFC00055EA83 /* SingUpBView.swift */ = {isa = PBXFileReference; lastKnownFileType = sourcecode.swift; path = SingUpBView.swift; sourceTree = "<group>"; };
		D26252832B60F8DB0055EA83 /* SignUpCView.swift */ = {isa = PBXFileReference; lastKnownFileType = sourcecode.swift; path = SignUpCView.swift; sourceTree = "<group>"; };
		D26252852B610C140055EA83 /* ImagePicker.swift */ = {isa = PBXFileReference; lastKnownFileType = sourcecode.swift; path = ImagePicker.swift; sourceTree = "<group>"; };
/* End PBXFileReference section */

/* Begin PBXFrameworksBuildPhase section */
		D26252272B5523760055EA83 /* Frameworks */ = {
			isa = PBXFrameworksBuildPhase;
			buildActionMask = 2147483647;
			files = (
				D207194D2B711DAC00F1F066 /* Alamofire in Frameworks */,
			);
			runOnlyForDeploymentPostprocessing = 0;
		};
/* End PBXFrameworksBuildPhase section */

/* Begin PBXGroup section */
		D217E8542B6BD55800BB4C12 /* APIConstant */ = {
			isa = PBXGroup;
			children = (
				D217E8552B6BD58000BB4C12 /* APIConstants.swift */,
				D217E8572B6BD8D700BB4C12 /* NetworkResult.swift */,
				D217E85B2B6D2FDD00BB4C12 /* Network.swift */,
			);
			path = APIConstant;
			sourceTree = "<group>";
		};
		D26252212B5523760055EA83 = {
			isa = PBXGroup;
			children = (
				D217E84E2B6BD4B400BB4C12 /* .gitignore */,
				D262522C2B5523760055EA83 /* Glee */,
				D262522B2B5523760055EA83 /* Products */,
			);
			sourceTree = "<group>";
		};
		D262522B2B5523760055EA83 /* Products */ = {
			isa = PBXGroup;
			children = (
				D262522A2B5523760055EA83 /* Glee.app */,
			);
			name = Products;
			sourceTree = "<group>";
		};
		D262522C2B5523760055EA83 /* Glee */ = {
			isa = PBXGroup;
			children = (
				D217E8542B6BD55800BB4C12 /* APIConstant */,
				D262527A2B5A7F310055EA83 /* Model */,
				D26252772B5A70620055EA83 /* Views */,
				D26252762B58144B0055EA83 /* Info.plist */,
				D262522D2B5523760055EA83 /* GleeApp.swift */,
				D26252492B5811D10055EA83 /* Resource */,
				D262523D2B552DE60055EA83 /* EmojiMemoryGame.swift */,
				D262523B2B552D240055EA83 /* MemoryGame.swift */,
				D26252332B5523770055EA83 /* Preview Content */,
			);
			path = Glee;
			sourceTree = "<group>";
		};
		D26252332B5523770055EA83 /* Preview Content */ = {
			isa = PBXGroup;
			children = (
				D26252342B5523770055EA83 /* Preview Assets.xcassets */,
			);
			path = "Preview Content";
			sourceTree = "<group>";
		};
		D26252492B5811D10055EA83 /* Resource */ = {
			isa = PBXGroup;
			children = (
				D262524F2B5812FE0055EA83 /* Poppins */,
				D26252312B5523770055EA83 /* Assets.xcassets */,
			);
			path = Resource;
			sourceTree = "<group>";
		};
		D262524F2B5812FE0055EA83 /* Poppins */ = {
			isa = PBXGroup;
			children = (
				D26252502B5812FE0055EA83 /* Poppins-ExtraLight.ttf */,
				D26252512B5812FE0055EA83 /* Poppins-ThinItalic.ttf */,
				D26252522B5812FE0055EA83 /* Poppins-ExtraLightItalic.ttf */,
				D26252532B5812FF0055EA83 /* Poppins-BoldItalic.ttf */,
				D26252542B5812FF0055EA83 /* Poppins-Light.ttf */,
				D26252552B5812FF0055EA83 /* Poppins-Medium.ttf */,
				D26252562B5812FF0055EA83 /* Poppins-SemiBoldItalic.ttf */,
				D26252572B5812FF0055EA83 /* Poppins-ExtraBoldItalic.ttf */,
				D26252582B5812FF0055EA83 /* Poppins-ExtraBold.ttf */,
				D26252592B5812FF0055EA83 /* Poppins-BlackItalic.ttf */,
				D262525A2B5812FF0055EA83 /* OFL.txt */,
				D262525B2B5812FF0055EA83 /* Poppins-Regular.ttf */,
				D262525C2B5812FF0055EA83 /* Poppins-LightItalic.ttf */,
				D262525D2B5812FF0055EA83 /* Poppins-Bold.ttf */,
				D262525E2B5812FF0055EA83 /* Poppins-Black.ttf */,
				D262525F2B5812FF0055EA83 /* Poppins-Thin.ttf */,
				D26252602B5812FF0055EA83 /* Poppins-SemiBold.ttf */,
				D26252612B5812FF0055EA83 /* Poppins-Italic.ttf */,
				D26252622B5812FF0055EA83 /* Poppins-MediumItalic.ttf */,
			);
			path = Poppins;
			sourceTree = "<group>";
		};
		D26252772B5A70620055EA83 /* Views */ = {
			isa = PBXGroup;
			children = (
				D26252472B580A590055EA83 /* HomeView.swift */,
				D262522F2B5523760055EA83 /* ContentView.swift */,
				D26252452B57D5D00055EA83 /* LoginView.swift */,
				D26252782B5A71D00055EA83 /* NoteRecordView.swift */,
				D262527D2B5EA2900055EA83 /* LoginEmailView.swift */,
				D262527F2B5EA2B70055EA83 /* SignUpView.swift */,
				D26252812B5FEFC00055EA83 /* SingUpBView.swift */,
				D26252832B60F8DB0055EA83 /* SignUpCView.swift */,
				D217E8492B6AA94200BB4C12 /* HomeSearchView.swift */,
			);
			path = Views;
			sourceTree = "<group>";
		};
		D262527A2B5A7F310055EA83 /* Model */ = {
			isa = PBXGroup;
			children = (
				D262527B2B5A7F500055EA83 /* DataStructs.swift */,
				D26252852B610C140055EA83 /* ImagePicker.swift */,
				D217E8592B6BD96F00BB4C12 /* SignUpModel.swift */,
				D22C8FB02B7BBE170010607C /* LoginModel.swift */,
			);
			path = Model;
			sourceTree = "<group>";
		};
/* End PBXGroup section */

/* Begin PBXNativeTarget section */
		D26252292B5523760055EA83 /* Glee */ = {
			isa = PBXNativeTarget;
			buildConfigurationList = D26252382B5523770055EA83 /* Build configuration list for PBXNativeTarget "Glee" */;
			buildPhases = (
				D26252262B5523760055EA83 /* Sources */,
				D26252272B5523760055EA83 /* Frameworks */,
				D26252282B5523760055EA83 /* Resources */,
			);
			buildRules = (
			);
			dependencies = (
			);
			name = Glee;
			packageProductDependencies = (
				D207194C2B711DAC00F1F066 /* Alamofire */,
			);
			productName = Glee;
			productReference = D262522A2B5523760055EA83 /* Glee.app */;
			productType = "com.apple.product-type.application";
		};
/* End PBXNativeTarget section */

/* Begin PBXProject section */
		D26252222B5523760055EA83 /* Project object */ = {
			isa = PBXProject;
			attributes = {
				BuildIndependentTargetsInParallel = 1;
				LastSwiftUpdateCheck = 1430;
				LastUpgradeCheck = 1430;
				TargetAttributes = {
					D26252292B5523760055EA83 = {
						CreatedOnToolsVersion = 14.3.1;
					};
				};
			};
			buildConfigurationList = D26252252B5523760055EA83 /* Build configuration list for PBXProject "Glee" */;
			compatibilityVersion = "Xcode 14.0";
			developmentRegion = en;
			hasScannedForEncodings = 0;
			knownRegions = (
				en,
				Base,
			);
			mainGroup = D26252212B5523760055EA83;
			packageReferences = (
				D207194B2B711DAC00F1F066 /* XCRemoteSwiftPackageReference "Alamofire" */,
			);
			productRefGroup = D262522B2B5523760055EA83 /* Products */;
			projectDirPath = "";
			projectRoot = "";
			targets = (
				D26252292B5523760055EA83 /* Glee */,
			);
		};
/* End PBXProject section */

/* Begin PBXResourcesBuildPhase section */
		D26252282B5523760055EA83 /* Resources */ = {
			isa = PBXResourcesBuildPhase;
			buildActionMask = 2147483647;
			files = (
				D26252672B5812FF0055EA83 /* Poppins-Light.ttf in Resources */,
				D26252712B5812FF0055EA83 /* Poppins-Black.ttf in Resources */,
				D262526F2B5812FF0055EA83 /* Poppins-LightItalic.ttf in Resources */,
				D26252722B5812FF0055EA83 /* Poppins-Thin.ttf in Resources */,
				D217E84F2B6BD4B400BB4C12 /* .gitignore in Resources */,
				D26252632B5812FF0055EA83 /* Poppins-ExtraLight.ttf in Resources */,
				D26252732B5812FF0055EA83 /* Poppins-SemiBold.ttf in Resources */,
				D26252702B5812FF0055EA83 /* Poppins-Bold.ttf in Resources */,
				D26252642B5812FF0055EA83 /* Poppins-ThinItalic.ttf in Resources */,
				D26252652B5812FF0055EA83 /* Poppins-ExtraLightItalic.ttf in Resources */,
				D262526C2B5812FF0055EA83 /* Poppins-BlackItalic.ttf in Resources */,
				D262526A2B5812FF0055EA83 /* Poppins-ExtraBoldItalic.ttf in Resources */,
				D26252662B5812FF0055EA83 /* Poppins-BoldItalic.ttf in Resources */,
				D26252692B5812FF0055EA83 /* Poppins-SemiBoldItalic.ttf in Resources */,
				D262526D2B5812FF0055EA83 /* OFL.txt in Resources */,
				D262526E2B5812FF0055EA83 /* Poppins-Regular.ttf in Resources */,
				D262526B2B5812FF0055EA83 /* Poppins-ExtraBold.ttf in Resources */,
				D26252682B5812FF0055EA83 /* Poppins-Medium.ttf in Resources */,
				D26252352B5523770055EA83 /* Preview Assets.xcassets in Resources */,
				D26252742B5812FF0055EA83 /* Poppins-Italic.ttf in Resources */,
				D26252752B5812FF0055EA83 /* Poppins-MediumItalic.ttf in Resources */,
				D26252322B5523770055EA83 /* Assets.xcassets in Resources */,
			);
			runOnlyForDeploymentPostprocessing = 0;
		};
/* End PBXResourcesBuildPhase section */

/* Begin PBXSourcesBuildPhase section */
		D26252262B5523760055EA83 /* Sources */ = {
			isa = PBXSourcesBuildPhase;
			buildActionMask = 2147483647;
			files = (
				D22C8FB12B7BBE170010607C /* LoginModel.swift in Sources */,
				D26252862B610C140055EA83 /* ImagePicker.swift in Sources */,
				D262523C2B552D240055EA83 /* MemoryGame.swift in Sources */,
				D217E85A2B6BD96F00BB4C12 /* SignUpModel.swift in Sources */,
				D262527E2B5EA2900055EA83 /* LoginEmailView.swift in Sources */,
				D217E84A2B6AA94200BB4C12 /* HomeSearchView.swift in Sources */,
				D217E8562B6BD58000BB4C12 /* APIConstants.swift in Sources */,
				D26252482B580A590055EA83 /* HomeView.swift in Sources */,
				D26252302B5523760055EA83 /* ContentView.swift in Sources */,
				D217E8582B6BD8D700BB4C12 /* NetworkResult.swift in Sources */,
				D26252792B5A71D00055EA83 /* NoteRecordView.swift in Sources */,
				D262522E2B5523760055EA83 /* GleeApp.swift in Sources */,
				D26252822B5FEFC00055EA83 /* SingUpBView.swift in Sources */,
				D26252802B5EA2B70055EA83 /* SignUpView.swift in Sources */,
				D26252842B60F8DB0055EA83 /* SignUpCView.swift in Sources */,
				D217E85C2B6D2FDD00BB4C12 /* Network.swift in Sources */,
				D26252462B57D5D00055EA83 /* LoginView.swift in Sources */,
				D262527C2B5A7F500055EA83 /* DataStructs.swift in Sources */,
				D262523E2B552DE60055EA83 /* EmojiMemoryGame.swift in Sources */,
			);
			runOnlyForDeploymentPostprocessing = 0;
		};
/* End PBXSourcesBuildPhase section */

/* Begin XCBuildConfiguration section */
		D26252362B5523770055EA83 /* Debug */ = {
			isa = XCBuildConfiguration;
			buildSettings = {
				ALWAYS_SEARCH_USER_PATHS = NO;
				CLANG_ANALYZER_NONNULL = YES;
				CLANG_ANALYZER_NUMBER_OBJECT_CONVERSION = YES_AGGRESSIVE;
				CLANG_CXX_LANGUAGE_STANDARD = "gnu++20";
				CLANG_ENABLE_MODULES = YES;
				CLANG_ENABLE_OBJC_ARC = YES;
				CLANG_ENABLE_OBJC_WEAK = YES;
				CLANG_WARN_BLOCK_CAPTURE_AUTORELEASING = YES;
				CLANG_WARN_BOOL_CONVERSION = YES;
				CLANG_WARN_COMMA = YES;
				CLANG_WARN_CONSTANT_CONVERSION = YES;
				CLANG_WARN_DEPRECATED_OBJC_IMPLEMENTATIONS = YES;
				CLANG_WARN_DIRECT_OBJC_ISA_USAGE = YES_ERROR;
				CLANG_WARN_DOCUMENTATION_COMMENTS = YES;
				CLANG_WARN_EMPTY_BODY = YES;
				CLANG_WARN_ENUM_CONVERSION = YES;
				CLANG_WARN_INFINITE_RECURSION = YES;
				CLANG_WARN_INT_CONVERSION = YES;
				CLANG_WARN_NON_LITERAL_NULL_CONVERSION = YES;
				CLANG_WARN_OBJC_IMPLICIT_RETAIN_SELF = YES;
				CLANG_WARN_OBJC_LITERAL_CONVERSION = YES;
				CLANG_WARN_OBJC_ROOT_CLASS = YES_ERROR;
				CLANG_WARN_QUOTED_INCLUDE_IN_FRAMEWORK_HEADER = YES;
				CLANG_WARN_RANGE_LOOP_ANALYSIS = YES;
				CLANG_WARN_STRICT_PROTOTYPES = YES;
				CLANG_WARN_SUSPICIOUS_MOVE = YES;
				CLANG_WARN_UNGUARDED_AVAILABILITY = YES_AGGRESSIVE;
				CLANG_WARN_UNREACHABLE_CODE = YES;
				CLANG_WARN__DUPLICATE_METHOD_MATCH = YES;
				COPY_PHASE_STRIP = NO;
				DEBUG_INFORMATION_FORMAT = dwarf;
				ENABLE_STRICT_OBJC_MSGSEND = YES;
				ENABLE_TESTABILITY = YES;
				GCC_C_LANGUAGE_STANDARD = gnu11;
				GCC_DYNAMIC_NO_PIC = NO;
				GCC_NO_COMMON_BLOCKS = YES;
				GCC_OPTIMIZATION_LEVEL = 0;
				GCC_PREPROCESSOR_DEFINITIONS = (
					"DEBUG=1",
					"$(inherited)",
				);
				GCC_WARN_64_TO_32_BIT_CONVERSION = YES;
				GCC_WARN_ABOUT_RETURN_TYPE = YES_ERROR;
				GCC_WARN_UNDECLARED_SELECTOR = YES;
				GCC_WARN_UNINITIALIZED_AUTOS = YES_AGGRESSIVE;
				GCC_WARN_UNUSED_FUNCTION = YES;
				GCC_WARN_UNUSED_VARIABLE = YES;
				IPHONEOS_DEPLOYMENT_TARGET = 16.4;
				MTL_ENABLE_DEBUG_INFO = INCLUDE_SOURCE;
				MTL_FAST_MATH = YES;
				ONLY_ACTIVE_ARCH = YES;
				SDKROOT = iphoneos;
				SWIFT_ACTIVE_COMPILATION_CONDITIONS = DEBUG;
				SWIFT_OPTIMIZATION_LEVEL = "-Onone";
			};
			name = Debug;
		};
		D26252372B5523770055EA83 /* Release */ = {
			isa = XCBuildConfiguration;
			buildSettings = {
				ALWAYS_SEARCH_USER_PATHS = NO;
				CLANG_ANALYZER_NONNULL = YES;
				CLANG_ANALYZER_NUMBER_OBJECT_CONVERSION = YES_AGGRESSIVE;
				CLANG_CXX_LANGUAGE_STANDARD = "gnu++20";
				CLANG_ENABLE_MODULES = YES;
				CLANG_ENABLE_OBJC_ARC = YES;
				CLANG_ENABLE_OBJC_WEAK = YES;
				CLANG_WARN_BLOCK_CAPTURE_AUTORELEASING = YES;
				CLANG_WARN_BOOL_CONVERSION = YES;
				CLANG_WARN_COMMA = YES;
				CLANG_WARN_CONSTANT_CONVERSION = YES;
				CLANG_WARN_DEPRECATED_OBJC_IMPLEMENTATIONS = YES;
				CLANG_WARN_DIRECT_OBJC_ISA_USAGE = YES_ERROR;
				CLANG_WARN_DOCUMENTATION_COMMENTS = YES;
				CLANG_WARN_EMPTY_BODY = YES;
				CLANG_WARN_ENUM_CONVERSION = YES;
				CLANG_WARN_INFINITE_RECURSION = YES;
				CLANG_WARN_INT_CONVERSION = YES;
				CLANG_WARN_NON_LITERAL_NULL_CONVERSION = YES;
				CLANG_WARN_OBJC_IMPLICIT_RETAIN_SELF = YES;
				CLANG_WARN_OBJC_LITERAL_CONVERSION = YES;
				CLANG_WARN_OBJC_ROOT_CLASS = YES_ERROR;
				CLANG_WARN_QUOTED_INCLUDE_IN_FRAMEWORK_HEADER = YES;
				CLANG_WARN_RANGE_LOOP_ANALYSIS = YES;
				CLANG_WARN_STRICT_PROTOTYPES = YES;
				CLANG_WARN_SUSPICIOUS_MOVE = YES;
				CLANG_WARN_UNGUARDED_AVAILABILITY = YES_AGGRESSIVE;
				CLANG_WARN_UNREACHABLE_CODE = YES;
				CLANG_WARN__DUPLICATE_METHOD_MATCH = YES;
				COPY_PHASE_STRIP = NO;
				DEBUG_INFORMATION_FORMAT = "dwarf-with-dsym";
				ENABLE_NS_ASSERTIONS = NO;
				ENABLE_STRICT_OBJC_MSGSEND = YES;
				GCC_C_LANGUAGE_STANDARD = gnu11;
				GCC_NO_COMMON_BLOCKS = YES;
				GCC_WARN_64_TO_32_BIT_CONVERSION = YES;
				GCC_WARN_ABOUT_RETURN_TYPE = YES_ERROR;
				GCC_WARN_UNDECLARED_SELECTOR = YES;
				GCC_WARN_UNINITIALIZED_AUTOS = YES_AGGRESSIVE;
				GCC_WARN_UNUSED_FUNCTION = YES;
				GCC_WARN_UNUSED_VARIABLE = YES;
				IPHONEOS_DEPLOYMENT_TARGET = 16.4;
				MTL_ENABLE_DEBUG_INFO = NO;
				MTL_FAST_MATH = YES;
				SDKROOT = iphoneos;
				SWIFT_COMPILATION_MODE = wholemodule;
				SWIFT_OPTIMIZATION_LEVEL = "-O";
				VALIDATE_PRODUCT = YES;
			};
			name = Release;
		};
		D26252392B5523770055EA83 /* Debug */ = {
			isa = XCBuildConfiguration;
			buildSettings = {
				ASSETCATALOG_COMPILER_APPICON_NAME = AppIcon;
				ASSETCATALOG_COMPILER_GLOBAL_ACCENT_COLOR_NAME = AccentColor;
				CODE_SIGN_STYLE = Automatic;
				CURRENT_PROJECT_VERSION = 1;
				DEVELOPMENT_ASSET_PATHS = "\"Glee/Preview Content\"";
				DEVELOPMENT_TEAM = FHYRWZCT6D;
				ENABLE_PREVIEWS = YES;
				GENERATE_INFOPLIST_FILE = YES;
				INFOPLIST_FILE = Glee/Info.plist;
				INFOPLIST_KEY_UIApplicationSceneManifest_Generation = YES;
				INFOPLIST_KEY_UIApplicationSupportsIndirectInputEvents = YES;
				INFOPLIST_KEY_UILaunchScreen_Generation = YES;
				INFOPLIST_KEY_UISupportedInterfaceOrientations_iPad = "UIInterfaceOrientationPortrait UIInterfaceOrientationPortraitUpsideDown UIInterfaceOrientationLandscapeLeft UIInterfaceOrientationLandscapeRight";
				INFOPLIST_KEY_UISupportedInterfaceOrientations_iPhone = "UIInterfaceOrientationPortrait UIInterfaceOrientationLandscapeLeft UIInterfaceOrientationLandscapeRight";
				LD_RUNPATH_SEARCH_PATHS = (
					"$(inherited)",
					"@executable_path/Frameworks",
				);
				MARKETING_VERSION = 1.0;
				PRODUCT_BUNDLE_IDENTIFIER = com.ALLO.Glee;
				PRODUCT_NAME = "$(TARGET_NAME)";
				SWIFT_EMIT_LOC_STRINGS = YES;
				SWIFT_VERSION = 5.0;
				TARGETED_DEVICE_FAMILY = "1,2";
			};
			name = Debug;
		};
		D262523A2B5523770055EA83 /* Release */ = {
			isa = XCBuildConfiguration;
			buildSettings = {
				ASSETCATALOG_COMPILER_APPICON_NAME = AppIcon;
				ASSETCATALOG_COMPILER_GLOBAL_ACCENT_COLOR_NAME = AccentColor;
				CODE_SIGN_STYLE = Automatic;
				CURRENT_PROJECT_VERSION = 1;
				DEVELOPMENT_ASSET_PATHS = "\"Glee/Preview Content\"";
				DEVELOPMENT_TEAM = FHYRWZCT6D;
				ENABLE_PREVIEWS = YES;
				GENERATE_INFOPLIST_FILE = YES;
				INFOPLIST_FILE = Glee/Info.plist;
				INFOPLIST_KEY_UIApplicationSceneManifest_Generation = YES;
				INFOPLIST_KEY_UIApplicationSupportsIndirectInputEvents = YES;
				INFOPLIST_KEY_UILaunchScreen_Generation = YES;
				INFOPLIST_KEY_UISupportedInterfaceOrientations_iPad = "UIInterfaceOrientationPortrait UIInterfaceOrientationPortraitUpsideDown UIInterfaceOrientationLandscapeLeft UIInterfaceOrientationLandscapeRight";
				INFOPLIST_KEY_UISupportedInterfaceOrientations_iPhone = "UIInterfaceOrientationPortrait UIInterfaceOrientationLandscapeLeft UIInterfaceOrientationLandscapeRight";
				LD_RUNPATH_SEARCH_PATHS = (
					"$(inherited)",
					"@executable_path/Frameworks",
				);
				MARKETING_VERSION = 1.0;
				PRODUCT_BUNDLE_IDENTIFIER = com.ALLO.Glee;
				PRODUCT_NAME = "$(TARGET_NAME)";
				SWIFT_EMIT_LOC_STRINGS = YES;
				SWIFT_VERSION = 5.0;
				TARGETED_DEVICE_FAMILY = "1,2";
			};
			name = Release;
		};
/* End XCBuildConfiguration section */

/* Begin XCConfigurationList section */
		D26252252B5523760055EA83 /* Build configuration list for PBXProject "Glee" */ = {
			isa = XCConfigurationList;
			buildConfigurations = (
				D26252362B5523770055EA83 /* Debug */,
				D26252372B5523770055EA83 /* Release */,
			);
			defaultConfigurationIsVisible = 0;
			defaultConfigurationName = Release;
		};
		D26252382B5523770055EA83 /* Build configuration list for PBXNativeTarget "Glee" */ = {
			isa = XCConfigurationList;
			buildConfigurations = (
				D26252392B5523770055EA83 /* Debug */,
				D262523A2B5523770055EA83 /* Release */,
			);
			defaultConfigurationIsVisible = 0;
			defaultConfigurationName = Release;
		};
/* End XCConfigurationList section */

/* Begin XCRemoteSwiftPackageReference section */
		D207194B2B711DAC00F1F066 /* XCRemoteSwiftPackageReference "Alamofire" */ = {
			isa = XCRemoteSwiftPackageReference;
			repositoryURL = "https://github.com/Alamofire/Alamofire.git";
			requirement = {
				kind = upToNextMajorVersion;
				minimumVersion = 5.0.0;
			};
		};
/* End XCRemoteSwiftPackageReference section */

/* Begin XCSwiftPackageProductDependency section */
		D207194C2B711DAC00F1F066 /* Alamofire */ = {
			isa = XCSwiftPackageProductDependency;
			package = D207194B2B711DAC00F1F066 /* XCRemoteSwiftPackageReference "Alamofire" */;
			productName = Alamofire;
		};
/* End XCSwiftPackageProductDependency section */
	};
	rootObject = D26252222B5523760055EA83 /* Project object */;
}
